
Microsoft Visual Studio Solution File, Format Version 12.00
# Visual Studio Version 16
VisualStudioVersion = 25.0.1706.7
MinimumVisualStudioVersion = 10.0.40219.1
Project("{FAE04EC0-301F-11D3-BF4B-00C04F79EFBC}") = "SOMCHAIS-Adventure", "SOMCHAIS-Adventure.csproj", "{4FDAD947-26C9-4E76-B741-219FE3BDA165}"
EndProject
Global
	GlobalSection(SolutionConfigurationPlatforms) = preSolution
		Debug|Any CPU = Debug|Any CPU
		Release|Any CPU = Release|Any CPU
	EndGlobalSection
	GlobalSection(ProjectConfigurationPlatforms) = postSolution
		{4FDAD947-26C9-4E76-B741-219FE3BDA165}.Debug|Any CPU.ActiveCfg = Debug|Any CPU
		{4FDAD947-26C9-4E76-B741-219FE3BDA165}.Debug|Any CPU.Build.0 = Debug|Any CPU
		{4FDAD947-26C9-4E76-B741-219FE3BDA165}.Release|Any CPU.ActiveCfg = Release|Any CPU
		{4FDAD947-26C9-4E76-B741-219FE3BDA165}.Release|Any CPU.Build.0 = Release|Any CPU
	EndGlobalSection
	GlobalSection(SolutionProperties) = preSolution
		HideSolutionNode = FALSE
	EndGlobalSection
	GlobalSection(ExtensibilityGlobals) = postSolution
		SolutionGuid = {FCB3D776-0996-4661-94D7-2D794A662173}
	EndGlobalSection
EndGlobal
